{
  "version": 4,
  "terraform_version": "0.15.0",
  "serial": 300,
  "lineage": "d63bb43a-8fee-9b18-7c18-227e345a1456",
  "outputs": {
    "PublicIp": {
      "value": "44.200.14.204",
      "type": "string"
    },
    "key_fingerpint": {
      "value": "a1:16:56:39:87:4f:3b:f6:07:79:0c:85:ee:34:fd:78",
      "type": "string"
    },
    "key_name": {
      "value": "dockervot",
      "type": "string"
    },
    "key_pem": {
      "value": "-----BEGIN RSA PRIVATE KEY-----\nMIIJKAIBAAKCAgEAxGZPqGT5thgfISO8gZ9OaVF0WzReAqI7TOafmECpegTlsSz6\nLwCSqFP+sP6wHt9CGhmlCrfV7j6jeoGT2EbJ7vPvEzcFwWn0UTZHksrzJWdy6z5O\ndEZFuyY04EHkBhfNTAYp0CejHpy3Qj80G8IUQow5/n5Mp26vLeUcN1yKVjVY12qO\ncAsoxw5GgVV/R3Uvqm1DDpBBKFF5SuYDbEps9WkbwyJGqsIUhKtsSKa+Xvjrm95v\nKvo3c9auRHB1GfML28LABbuAIiLAKPC+S8CTSOt1Htc7ebGNQEO5dD1MYhi3asiP\na/vcMvIHmqrntt5dP7NCipK4ZMSVQohi1sX5Qewtcf47ENKDzMcf7MbKB8Mn1OPj\npvftkBRtHY0yf2lf1LdQ9BQbzyIFqP1NPocHG26KV7xts0hFhoCxL+6mB4DGX9pJ\nI6TQTtvdd1PeY6tcTDP2TONepdbafDjvC35LlkNPXbXeeIHDuQuJaJ/je0+y0YjN\n/1P7iJgTdV3Q/R+2PsNBwTxEPnXq4MsbuPxEdIbL9X6Kt8F6q5FfJ4UPKG+qn0jk\n7eZNT3kDkbueZj0ZaUHQL0KCtKCJ4x0p5VKjPL8qlP78UICULVIaln+yAH5K/GVk\nZ3TsDENRp39HSkjJQr6Yv18+3hDLyNHapd6aN4xcuM5qxCY/FB5+abQYwNsCAwEA\nAQKCAgEAtswbPDqviOKupqOiYmsqCjB8Qh9dmMnys8K7rHQSybUhLGUWfwTje7Si\nC48h0bouxig0SuOMRHEcq3tLZjOM49E7JgFCZCD/+06wE1q+MIQ2m+mkD+kQIf6P\nnGL3nwwsUqQx6sHZuzZWA1zcXTGotb/agpp/Mh99ARSLzKNfRpnklKti47ofPBZ3\nXQ18p7/Um6WSkk2Ft8cNQ78OVI55F3m7E0Yly+1UN59t67j222KHuM2xXqkBT9ny\n3VRmSb7DvMlo/Gzl99+sRu67z7nv3CD7I7dkbgHp3HSsehpLq8ohfUwq4XDMJMbM\neRK1FKmm1RE9z8h7w56M5h4XEJu3QBgDYkVDk7SJ5Z8zB5SfeBI+i5m3xLIH8e4x\nWd4YyEMHZa5lu0FPxYddsnR1ic0AtXuTLqifw24Nsw6Q3e8sDxoKLaSvOMBXxY02\nO5S+Qf1l8Ebv+JPv3ty6XwCkuyLH0ZWz+Rq+z0fbuBcQqW5w8LGs3FQTKZKgWcoy\nMr5Gfo1NCnNOOCK3oMyHw3Ij7JzeadTGX3QQYrrcV1GRMgRa1hLab40AH4yZ9jjc\np+vSN2bO8Wm7SVRXlnfKvxxo0A1VLK17MxT7lsTW9T9rIqqw3MVEOpReS3WwKFNR\ncjSootB7LZCBxFuP4zE+QznS0OgC1bO9BPpRu/6uMDsSQEEoIZECggEBANHAXdPE\n/msxSrugEqObdjW7U9/ceeUA9Zouy+M50YQy+J7iTT4P5f+AnQrEbMo9PkhtKo2F\nk9MIE2I9E4SpapMg/hg8Eje8inp9DTJsVjKTwZREc9Pl+cBEQMvJR62kAnfM+dPT\nIai5sg674bKTBA5KusheG/brkHUyPxS1+ulWKo5vJGWH2zBjOJyClrwKZUkQYJpo\nP/1SFXEpgRiYNweT4nD+UywG/IBoJPuGFeUx/bx2htLh8vMISFg3Qq+8LwUoUVcN\nwpnDIfLZSIWb9YyAmZbZ65KEf7Hy7HFCMXN/5J4EXbGau7sgGPqSkAKjAZRKuA9S\noA7yoJWpoRpwNpUCggEBAO+0SjXV2Tmg6bx+uVyF/HkKkzqfmIoe6DpafPG8JpKO\nqzPw35CcAIpHF+hlFg05MA1s3Y+tFvKP2J1bxoeB676x0HWJ5t0FpBPE6ulPG0Oe\nK98xMOatD/zdAlP50yCTWNB2pwEpAKZg/qyoDi/olJbFx4+6/yF+E4oY6s6pQOXF\nq0zZ4kr7Qj3dNLF5xY5EbD83stRnzhT+cv+dVuUlWrC3r33HYKG1VgGVsEjCyyOg\nX+jYrxxRA0khDD9e2F0pkuPit+Q0TqDDhZMcIOL2oJh13smz1yqIhyf2cvo7fZHi\nk/lq1mEDjP0nHVHhSvihnOYWhAbocCuAZW2B8uYOba8CggEAX7yW1ubuXUzVWIg6\nmbSGowXKxb3jYTQr5eEALMmiKN3+/r46FV66UwGILHb1VOXZPMOfDZNvon3oIwnP\nk9ikDV2cvMEGa6xB5KCZWm96dIFedOc9mvU4JprAnINVlRrsCXRkf1u53EJN1E3L\nOW/DBSb01CmoR+7DM8roYfKiAMjUiciO60y0LgTLvRwZ4uA31L6F6VQ2CNDjepBA\nHVK0o1/Llllu6wSRUaa3YpqT+dX0g4XyCeUZt/YK10D5zi5to8QARGTCct5O64Jj\niKBj1mqIMANtc6XIhxdi9lsJKTexyLIjdcIzd7ixzgUBeEKgoOft1QiYh9oUk9sl\n7mRTdQKCAQBPveB6LFwJadiYFmg/uWsWMUhtVi5+tG15DCVIndkPJFsb+mPFTcB4\nP9JaQ1akq4Oq066ZX3Gk2+mp36AZ8ESmuaypjWi52miNExM67lAZnILnywuDkcsh\nybw+h3uO+LWxE+fW4PcQYnAWrAmcMnlL9xu+Wu0JDVIevM9QVMn8JlgoRsubOh79\nSZt/9wybmXORTEw3kRjjrwo+su73aAfVhiXhZ/Rjl1m3ST7N1c+SWIXPhlYqy2CW\ncWILqte7llsBaKjYR/ZoUOMc31ypZHZkgcHNxAAubCDaUIhLaoMJhyDG9p2+xFmg\n1eRRGuu/7rOtb4wYaDb4ocwcNADEO8SNAoIBACUzakesqxr90v7zJKogQkDVwMa6\n9UgsLi0WFTtq3QFHpZYXu8Ixzr0B4HvvK+hffEYBvvhVAjKwtIdiDK6G+n/QIl/m\n8eT1CukxaVFTK/62Z6eOt0EgGHPGDVWDkBwwfzFa4n7MyZEDw6zxat+JLbw6/Z5+\nQsevSlhKod1uYtwBY+AoSq4EbxLT5UgXPfVEYC9aFfcSp4e3+1cR7Gr248HzSvCk\n1FRK3VrwTsXteEshogQxt3HW1FEkeW5aF3ujJSF184qoRNBgcrIRsILavd02/Z6O\n9o86E+GnFG/LvgaVOMElYhZ2IFMWJ0VsxuI7YO5sRseaCL64V/QzPdzMzIE=\n-----END RSA PRIVATE KEY-----\n",
      "type": "string",
      "sensitive": true
    }
  },
  "resources": [
    {
      "mode": "managed",
      "type": "aws_instance",
      "name": "docker-voting",
      "provider": "provider[\"registry.terraform.io/hashicorp/aws\"]",
      "instances": [
        {
          "schema_version": 1,
          "attributes": {
            "ami": "ami-0144c00a28e5f20bf",
            "arn": "arn:aws:ec2:us-east-1:784905424441:instance/i-0e24f6950a554d121",
            "associate_public_ip_address": true,
            "availability_zone": "us-east-1b",
            "capacity_reservation_specification": [
              {
                "capacity_reservation_preference": "open",
                "capacity_reservation_target": []
              }
            ],
            "cpu_core_count": 1,
            "cpu_threads_per_core": 1,
            "credit_specification": [
              {
                "cpu_credits": "standard"
              }
            ],
            "disable_api_termination": false,
            "ebs_block_device": [
              {
                "delete_on_termination": false,
                "device_name": "/dev/sdd",
                "encrypted": false,
                "iops": 100,
                "kms_key_id": "",
                "snapshot_id": "snap-029f9163b7bf1a899",
                "tags": {},
                "throughput": 0,
                "volume_id": "vol-0ebb469d81456efcb",
                "volume_size": 12,
                "volume_type": "gp2"
              }
            ],
            "ebs_optimized": false,
            "enclave_options": [
              {
                "enabled": false
              }
            ],
            "ephemeral_block_device": [],
            "get_password_data": false,
            "hibernation": false,
            "host_id": null,
            "iam_instance_profile": "",
            "id": "i-0e24f6950a554d121",
            "instance_initiated_shutdown_behavior": "stop",
            "instance_state": "running",
            "instance_type": "t2.micro",
            "ipv6_address_count": 0,
            "ipv6_addresses": [],
            "key_name": "dockervot",
            "launch_template": [],
            "metadata_options": [
              {
                "http_endpoint": "enabled",
                "http_put_response_hop_limit": 1,
                "http_tokens": "optional"
              }
            ],
            "monitoring": false,
            "network_interface": [],
            "outpost_arn": "",
            "password_data": "",
            "placement_group": "",
            "placement_partition_number": null,
            "primary_network_interface_id": "eni-06939c57ad616f17b",
            "private_dns": "ip-172-1-0-187.ec2.internal",
            "private_ip": "172.1.0.187",
            "public_dns": "",
            "public_ip": "44.200.14.204",
            "root_block_device": [
              {
                "delete_on_termination": true,
                "device_name": "/dev/sda1",
                "encrypted": false,
                "iops": 100,
                "kms_key_id": "",
                "tags": {},
                "throughput": 0,
                "volume_id": "vol-09fd48b25a4f1dbce",
                "volume_size": 10,
                "volume_type": "gp2"
              }
            ],
            "secondary_private_ips": [],
            "security_groups": [
              "sg-0d2616e750b9b4c5d"
            ],
            "source_dest_check": true,
            "subnet_id": "subnet-02bde2e6a6a308b05",
            "tags": {
              "Env": "Desarrollo",
              "name": "Docker Votting"
            },
            "tags_all": {
              "Env": "Desarrollo",
              "name": "Docker Votting"
            },
            "tenancy": "default",
            "timeouts": null,
            "user_data": "b07f3028b865c876497e9d635a8f0b8c7d3eaef5",
            "user_data_base64": null,
            "volume_tags": null,
            "vpc_security_group_ids": [
              "sg-0d2616e750b9b4c5d"
            ]
          },
          "sensitive_attributes": [],
          "private": "eyJlMmJmYjczMC1lY2FhLTExZTYtOGY4OC0zNDM2M2JjN2M0YzAiOnsiY3JlYXRlIjo2MDAwMDAwMDAwMDAsImRlbGV0ZSI6MTIwMDAwMDAwMDAwMCwidXBkYXRlIjo2MDAwMDAwMDAwMDB9LCJzY2hlbWFfdmVyc2lvbiI6IjEifQ==",
          "dependencies": [
            "aws_security_group.VotingRGAPP",
            "aws_subnet.DockerApp",
            "aws_vpc.VotingAPP"
          ]
        }
      ]
    },
    {
      "mode": "managed",
      "type": "aws_internet_gateway",
      "name": "DockerVotApp",
      "provider": "provider[\"registry.terraform.io/hashicorp/aws\"]",
      "instances": [
        {
          "schema_version": 0,
          "attributes": {
            "arn": "arn:aws:ec2:us-east-1:784905424441:internet-gateway/igw-05d09904f2d23fcae",
            "id": "igw-05d09904f2d23fcae",
            "owner_id": "784905424441",
            "tags": {
              "Name": "IG_DockerVotApp"
            },
            "tags_all": {
              "Name": "IG_DockerVotApp"
            },
            "vpc_id": "vpc-09891bf00a5bb9b93"
          },
          "sensitive_attributes": [],
          "private": "bnVsbA==",
          "dependencies": [
            "aws_vpc.VotingAPP"
          ]
        }
      ]
    },
    {
      "mode": "managed",
      "type": "aws_key_pair",
      "name": "dockervot",
      "provider": "provider[\"registry.terraform.io/hashicorp/aws\"]",
      "instances": [
        {
          "schema_version": 1,
          "attributes": {
            "arn": "arn:aws:ec2:us-east-1:784905424441:key-pair/dockervot",
            "fingerprint": "a1:16:56:39:87:4f:3b:f6:07:79:0c:85:ee:34:fd:78",
            "id": "dockervot",
            "key_name": "dockervot",
            "key_name_prefix": "",
            "key_pair_id": "key-0d8a05b64a79d35fb",
            "public_key": "ssh-rsa AAAAB3NzaC1yc2EAAAADAQABAAACAQDEZk+oZPm2GB8hI7yBn05pUXRbNF4CojtM5p+YQKl6BOWxLPovAJKoU/6w/rAe30IaGaUKt9XuPqN6gZPYRsnu8+8TNwXBafRRNkeSyvMlZ3LrPk50RkW7JjTgQeQGF81MBinQJ6MenLdCPzQbwhRCjDn+fkynbq8t5Rw3XIpWNVjXao5wCyjHDkaBVX9HdS+qbUMOkEEoUXlK5gNsSmz1aRvDIkaqwhSEq2xIpr5e+Oub3m8q+jdz1q5EcHUZ8wvbwsAFu4AiIsAo8L5LwJNI63Ue1zt5sY1AQ7l0PUxiGLdqyI9r+9wy8geaque23l0/s0KKkrhkxJVCiGLWxflB7C1x/jsQ0oPMxx/sxsoHwyfU4+Om9+2QFG0djTJ/aV/Ut1D0FBvPIgWo/U0+hwcbbopXvG2zSEWGgLEv7qYHgMZf2kkjpNBO2913U95jq1xMM/ZM416l1tp8OO8LfkuWQ09dtd54gcO5C4lon+N7T7LRiM3/U/uImBN1XdD9H7Y+w0HBPEQ+dergyxu4/ER0hsv1foq3wXqrkV8nhQ8ob6qfSOTt5k1PeQORu55mPRlpQdAvQoK0oInjHSnlUqM8vyqU/vxQgJQtUhqWf7IAfkr8ZWRndOwMQ1Gnf0dKSMlCvpi/Xz7eEMvI0dql3po3jFy4zmrEJj8UHn5ptBjA2w==",
            "tags": null,
            "tags_all": {}
          },
          "sensitive_attributes": [],
          "private": "eyJzY2hlbWFfdmVyc2lvbiI6IjEifQ==",
          "dependencies": [
            "tls_private_key.Dockervot1"
          ]
        }
      ]
    },
    {
      "mode": "managed",
      "type": "aws_route_table",
      "name": "route-table-DockerApp",
      "provider": "provider[\"registry.terraform.io/hashicorp/aws\"]",
      "instances": [
        {
          "schema_version": 0,
          "attributes": {
            "arn": "arn:aws:ec2:us-east-1:784905424441:route-table/rtb-08cdee3a18a862e0d",
            "id": "rtb-08cdee3a18a862e0d",
            "owner_id": "784905424441",
            "propagating_vgws": [],
            "route": [
              {
                "carrier_gateway_id": "",
                "cidr_block": "0.0.0.0/0",
                "destination_prefix_list_id": "",
                "egress_only_gateway_id": "",
                "gateway_id": "igw-05d09904f2d23fcae",
                "instance_id": "",
                "ipv6_cidr_block": "",
                "local_gateway_id": "",
                "nat_gateway_id": "",
                "network_interface_id": "",
                "transit_gateway_id": "",
                "vpc_endpoint_id": "",
                "vpc_peering_connection_id": ""
              }
            ],
            "tags": {
              "Name": "RT-DockerApp"
            },
            "tags_all": {
              "Name": "RT-DockerApp"
            },
            "timeouts": null,
            "vpc_id": "vpc-09891bf00a5bb9b93"
          },
          "sensitive_attributes": [],
          "private": "eyJlMmJmYjczMC1lY2FhLTExZTYtOGY4OC0zNDM2M2JjN2M0YzAiOnsiY3JlYXRlIjoxMjAwMDAwMDAwMDAsImRlbGV0ZSI6MzAwMDAwMDAwMDAwLCJ1cGRhdGUiOjEyMDAwMDAwMDAwMH19",
          "dependencies": [
            "aws_internet_gateway.DockerVotApp",
            "aws_vpc.VotingAPP"
          ]
        }
      ]
    },
    {
      "mode": "managed",
      "type": "aws_route_table_association",
      "name": "Subnet-association",
      "provider": "provider[\"registry.terraform.io/hashicorp/aws\"]",
      "instances": [
        {
          "schema_version": 0,
          "attributes": {
            "gateway_id": "",
            "id": "rtbassoc-0dfb2ad7c26910b68",
            "route_table_id": "rtb-08cdee3a18a862e0d",
            "subnet_id": "subnet-02bde2e6a6a308b05"
          },
          "sensitive_attributes": [],
          "private": "bnVsbA==",
          "dependencies": [
            "aws_internet_gateway.DockerVotApp",
            "aws_route_table.route-table-DockerApp",
            "aws_subnet.DockerApp",
            "aws_vpc.VotingAPP"
          ]
        }
      ]
    },
    {
      "mode": "managed",
      "type": "aws_security_group",
      "name": "VotingRGAPP",
      "provider": "provider[\"registry.terraform.io/hashicorp/aws\"]",
      "instances": [
        {
          "schema_version": 1,
          "attributes": {
            "arn": "arn:aws:ec2:us-east-1:784905424441:security-group/sg-0d2616e750b9b4c5d",
            "description": "Managed by Terraform",
            "egress": [
              {
                "cidr_blocks": [
                  "0.0.0.0/0"
                ],
                "description": "",
                "from_port": 0,
                "ipv6_cidr_blocks": [],
                "prefix_list_ids": [],
                "protocol": "-1",
                "security_groups": [],
                "self": false,
                "to_port": 0
              }
            ],
            "id": "sg-0d2616e750b9b4c5d",
            "ingress": [
              {
                "cidr_blocks": [
                  "0.0.0.0/0"
                ],
                "description": "",
                "from_port": 0,
                "ipv6_cidr_blocks": [],
                "prefix_list_ids": [],
                "protocol": "-1",
                "security_groups": [],
                "self": false,
                "to_port": 65535
              }
            ],
            "name": "Docker-votting-RG",
            "name_prefix": "",
            "owner_id": "784905424441",
            "revoke_rules_on_delete": false,
            "tags": null,
            "tags_all": {},
            "timeouts": null,
            "vpc_id": "vpc-09891bf00a5bb9b93"
          },
          "sensitive_attributes": [],
          "private": "eyJlMmJmYjczMC1lY2FhLTExZTYtOGY4OC0zNDM2M2JjN2M0YzAiOnsiY3JlYXRlIjo2MDAwMDAwMDAwMDAsImRlbGV0ZSI6OTAwMDAwMDAwMDAwfSwic2NoZW1hX3ZlcnNpb24iOiIxIn0=",
          "dependencies": [
            "aws_vpc.VotingAPP"
          ]
        }
      ]
    },
    {
      "mode": "managed",
      "type": "aws_subnet",
      "name": "DockerApp",
      "provider": "provider[\"registry.terraform.io/hashicorp/aws\"]",
      "instances": [
        {
          "schema_version": 1,
          "attributes": {
            "arn": "arn:aws:ec2:us-east-1:784905424441:subnet/subnet-02bde2e6a6a308b05",
            "assign_ipv6_address_on_creation": false,
            "availability_zone": "us-east-1b",
            "availability_zone_id": "use1-az1",
            "cidr_block": "172.1.0.0/24",
            "customer_owned_ipv4_pool": "",
            "id": "subnet-02bde2e6a6a308b05",
            "ipv6_cidr_block": "",
            "ipv6_cidr_block_association_id": "",
            "map_customer_owned_ip_on_launch": false,
            "map_public_ip_on_launch": false,
            "outpost_arn": "",
            "owner_id": "784905424441",
            "tags": null,
            "tags_all": {},
            "timeouts": null,
            "vpc_id": "vpc-09891bf00a5bb9b93"
          },
          "sensitive_attributes": [],
          "private": "eyJlMmJmYjczMC1lY2FhLTExZTYtOGY4OC0zNDM2M2JjN2M0YzAiOnsiY3JlYXRlIjo2MDAwMDAwMDAwMDAsImRlbGV0ZSI6MTIwMDAwMDAwMDAwMH0sInNjaGVtYV92ZXJzaW9uIjoiMSJ9",
          "dependencies": [
            "aws_vpc.VotingAPP"
          ]
        }
      ]
    },
    {
      "mode": "managed",
      "type": "aws_vpc",
      "name": "VotingAPP",
      "provider": "provider[\"registry.terraform.io/hashicorp/aws\"]",
      "instances": [
        {
          "schema_version": 1,
          "attributes": {
            "arn": "arn:aws:ec2:us-east-1:784905424441:vpc/vpc-09891bf00a5bb9b93",
            "assign_generated_ipv6_cidr_block": false,
            "cidr_block": "172.1.0.0/16",
            "default_network_acl_id": "acl-049e7cf73b9057f71",
            "default_route_table_id": "rtb-00e9d844f3ca22f0a",
            "default_security_group_id": "sg-0d95f3c0c0608356f",
            "dhcp_options_id": "dopt-724f6108",
            "enable_classiclink": false,
            "enable_classiclink_dns_support": false,
            "enable_dns_hostnames": false,
            "enable_dns_support": true,
            "id": "vpc-09891bf00a5bb9b93",
            "instance_tenancy": "default",
            "ipv6_association_id": "",
            "ipv6_cidr_block": "",
            "main_route_table_id": "rtb-00e9d844f3ca22f0a",
            "owner_id": "784905424441",
            "tags": {
              "Name": "Docker VPC"
            },
            "tags_all": {
              "Name": "Docker VPC"
            }
          },
          "sensitive_attributes": [],
          "private": "eyJzY2hlbWFfdmVyc2lvbiI6IjEifQ=="
        }
      ]
    },
    {
      "mode": "managed",
      "type": "tls_private_key",
      "name": "Dockervot1",
      "provider": "provider[\"registry.terraform.io/hashicorp/tls\"]",
      "instances": [
        {
          "schema_version": 0,
          "attributes": {
            "algorithm": "RSA",
            "ecdsa_curve": "P224",
            "id": "cd181a410ce1227a8636b43208e71462fde0ad6e",
            "private_key_pem": "-----BEGIN RSA PRIVATE KEY-----\nMIIJKAIBAAKCAgEAxGZPqGT5thgfISO8gZ9OaVF0WzReAqI7TOafmECpegTlsSz6\nLwCSqFP+sP6wHt9CGhmlCrfV7j6jeoGT2EbJ7vPvEzcFwWn0UTZHksrzJWdy6z5O\ndEZFuyY04EHkBhfNTAYp0CejHpy3Qj80G8IUQow5/n5Mp26vLeUcN1yKVjVY12qO\ncAsoxw5GgVV/R3Uvqm1DDpBBKFF5SuYDbEps9WkbwyJGqsIUhKtsSKa+Xvjrm95v\nKvo3c9auRHB1GfML28LABbuAIiLAKPC+S8CTSOt1Htc7ebGNQEO5dD1MYhi3asiP\na/vcMvIHmqrntt5dP7NCipK4ZMSVQohi1sX5Qewtcf47ENKDzMcf7MbKB8Mn1OPj\npvftkBRtHY0yf2lf1LdQ9BQbzyIFqP1NPocHG26KV7xts0hFhoCxL+6mB4DGX9pJ\nI6TQTtvdd1PeY6tcTDP2TONepdbafDjvC35LlkNPXbXeeIHDuQuJaJ/je0+y0YjN\n/1P7iJgTdV3Q/R+2PsNBwTxEPnXq4MsbuPxEdIbL9X6Kt8F6q5FfJ4UPKG+qn0jk\n7eZNT3kDkbueZj0ZaUHQL0KCtKCJ4x0p5VKjPL8qlP78UICULVIaln+yAH5K/GVk\nZ3TsDENRp39HSkjJQr6Yv18+3hDLyNHapd6aN4xcuM5qxCY/FB5+abQYwNsCAwEA\nAQKCAgEAtswbPDqviOKupqOiYmsqCjB8Qh9dmMnys8K7rHQSybUhLGUWfwTje7Si\nC48h0bouxig0SuOMRHEcq3tLZjOM49E7JgFCZCD/+06wE1q+MIQ2m+mkD+kQIf6P\nnGL3nwwsUqQx6sHZuzZWA1zcXTGotb/agpp/Mh99ARSLzKNfRpnklKti47ofPBZ3\nXQ18p7/Um6WSkk2Ft8cNQ78OVI55F3m7E0Yly+1UN59t67j222KHuM2xXqkBT9ny\n3VRmSb7DvMlo/Gzl99+sRu67z7nv3CD7I7dkbgHp3HSsehpLq8ohfUwq4XDMJMbM\neRK1FKmm1RE9z8h7w56M5h4XEJu3QBgDYkVDk7SJ5Z8zB5SfeBI+i5m3xLIH8e4x\nWd4YyEMHZa5lu0FPxYddsnR1ic0AtXuTLqifw24Nsw6Q3e8sDxoKLaSvOMBXxY02\nO5S+Qf1l8Ebv+JPv3ty6XwCkuyLH0ZWz+Rq+z0fbuBcQqW5w8LGs3FQTKZKgWcoy\nMr5Gfo1NCnNOOCK3oMyHw3Ij7JzeadTGX3QQYrrcV1GRMgRa1hLab40AH4yZ9jjc\np+vSN2bO8Wm7SVRXlnfKvxxo0A1VLK17MxT7lsTW9T9rIqqw3MVEOpReS3WwKFNR\ncjSootB7LZCBxFuP4zE+QznS0OgC1bO9BPpRu/6uMDsSQEEoIZECggEBANHAXdPE\n/msxSrugEqObdjW7U9/ceeUA9Zouy+M50YQy+J7iTT4P5f+AnQrEbMo9PkhtKo2F\nk9MIE2I9E4SpapMg/hg8Eje8inp9DTJsVjKTwZREc9Pl+cBEQMvJR62kAnfM+dPT\nIai5sg674bKTBA5KusheG/brkHUyPxS1+ulWKo5vJGWH2zBjOJyClrwKZUkQYJpo\nP/1SFXEpgRiYNweT4nD+UywG/IBoJPuGFeUx/bx2htLh8vMISFg3Qq+8LwUoUVcN\nwpnDIfLZSIWb9YyAmZbZ65KEf7Hy7HFCMXN/5J4EXbGau7sgGPqSkAKjAZRKuA9S\noA7yoJWpoRpwNpUCggEBAO+0SjXV2Tmg6bx+uVyF/HkKkzqfmIoe6DpafPG8JpKO\nqzPw35CcAIpHF+hlFg05MA1s3Y+tFvKP2J1bxoeB676x0HWJ5t0FpBPE6ulPG0Oe\nK98xMOatD/zdAlP50yCTWNB2pwEpAKZg/qyoDi/olJbFx4+6/yF+E4oY6s6pQOXF\nq0zZ4kr7Qj3dNLF5xY5EbD83stRnzhT+cv+dVuUlWrC3r33HYKG1VgGVsEjCyyOg\nX+jYrxxRA0khDD9e2F0pkuPit+Q0TqDDhZMcIOL2oJh13smz1yqIhyf2cvo7fZHi\nk/lq1mEDjP0nHVHhSvihnOYWhAbocCuAZW2B8uYOba8CggEAX7yW1ubuXUzVWIg6\nmbSGowXKxb3jYTQr5eEALMmiKN3+/r46FV66UwGILHb1VOXZPMOfDZNvon3oIwnP\nk9ikDV2cvMEGa6xB5KCZWm96dIFedOc9mvU4JprAnINVlRrsCXRkf1u53EJN1E3L\nOW/DBSb01CmoR+7DM8roYfKiAMjUiciO60y0LgTLvRwZ4uA31L6F6VQ2CNDjepBA\nHVK0o1/Llllu6wSRUaa3YpqT+dX0g4XyCeUZt/YK10D5zi5to8QARGTCct5O64Jj\niKBj1mqIMANtc6XIhxdi9lsJKTexyLIjdcIzd7ixzgUBeEKgoOft1QiYh9oUk9sl\n7mRTdQKCAQBPveB6LFwJadiYFmg/uWsWMUhtVi5+tG15DCVIndkPJFsb+mPFTcB4\nP9JaQ1akq4Oq066ZX3Gk2+mp36AZ8ESmuaypjWi52miNExM67lAZnILnywuDkcsh\nybw+h3uO+LWxE+fW4PcQYnAWrAmcMnlL9xu+Wu0JDVIevM9QVMn8JlgoRsubOh79\nSZt/9wybmXORTEw3kRjjrwo+su73aAfVhiXhZ/Rjl1m3ST7N1c+SWIXPhlYqy2CW\ncWILqte7llsBaKjYR/ZoUOMc31ypZHZkgcHNxAAubCDaUIhLaoMJhyDG9p2+xFmg\n1eRRGuu/7rOtb4wYaDb4ocwcNADEO8SNAoIBACUzakesqxr90v7zJKogQkDVwMa6\n9UgsLi0WFTtq3QFHpZYXu8Ixzr0B4HvvK+hffEYBvvhVAjKwtIdiDK6G+n/QIl/m\n8eT1CukxaVFTK/62Z6eOt0EgGHPGDVWDkBwwfzFa4n7MyZEDw6zxat+JLbw6/Z5+\nQsevSlhKod1uYtwBY+AoSq4EbxLT5UgXPfVEYC9aFfcSp4e3+1cR7Gr248HzSvCk\n1FRK3VrwTsXteEshogQxt3HW1FEkeW5aF3ujJSF184qoRNBgcrIRsILavd02/Z6O\n9o86E+GnFG/LvgaVOMElYhZ2IFMWJ0VsxuI7YO5sRseaCL64V/QzPdzMzIE=\n-----END RSA PRIVATE KEY-----\n",
            "public_key_fingerprint_md5": "df:f4:36:41:7d:83:c6:7d:53:03:6b:77:3e:97:36:ff",
            "public_key_openssh": "ssh-rsa AAAAB3NzaC1yc2EAAAADAQABAAACAQDEZk+oZPm2GB8hI7yBn05pUXRbNF4CojtM5p+YQKl6BOWxLPovAJKoU/6w/rAe30IaGaUKt9XuPqN6gZPYRsnu8+8TNwXBafRRNkeSyvMlZ3LrPk50RkW7JjTgQeQGF81MBinQJ6MenLdCPzQbwhRCjDn+fkynbq8t5Rw3XIpWNVjXao5wCyjHDkaBVX9HdS+qbUMOkEEoUXlK5gNsSmz1aRvDIkaqwhSEq2xIpr5e+Oub3m8q+jdz1q5EcHUZ8wvbwsAFu4AiIsAo8L5LwJNI63Ue1zt5sY1AQ7l0PUxiGLdqyI9r+9wy8geaque23l0/s0KKkrhkxJVCiGLWxflB7C1x/jsQ0oPMxx/sxsoHwyfU4+Om9+2QFG0djTJ/aV/Ut1D0FBvPIgWo/U0+hwcbbopXvG2zSEWGgLEv7qYHgMZf2kkjpNBO2913U95jq1xMM/ZM416l1tp8OO8LfkuWQ09dtd54gcO5C4lon+N7T7LRiM3/U/uImBN1XdD9H7Y+w0HBPEQ+dergyxu4/ER0hsv1foq3wXqrkV8nhQ8ob6qfSOTt5k1PeQORu55mPRlpQdAvQoK0oInjHSnlUqM8vyqU/vxQgJQtUhqWf7IAfkr8ZWRndOwMQ1Gnf0dKSMlCvpi/Xz7eEMvI0dql3po3jFy4zmrEJj8UHn5ptBjA2w==\n",
            "public_key_pem": "-----BEGIN PUBLIC KEY-----\nMIICIjANBgkqhkiG9w0BAQEFAAOCAg8AMIICCgKCAgEAxGZPqGT5thgfISO8gZ9O\naVF0WzReAqI7TOafmECpegTlsSz6LwCSqFP+sP6wHt9CGhmlCrfV7j6jeoGT2EbJ\n7vPvEzcFwWn0UTZHksrzJWdy6z5OdEZFuyY04EHkBhfNTAYp0CejHpy3Qj80G8IU\nQow5/n5Mp26vLeUcN1yKVjVY12qOcAsoxw5GgVV/R3Uvqm1DDpBBKFF5SuYDbEps\n9WkbwyJGqsIUhKtsSKa+Xvjrm95vKvo3c9auRHB1GfML28LABbuAIiLAKPC+S8CT\nSOt1Htc7ebGNQEO5dD1MYhi3asiPa/vcMvIHmqrntt5dP7NCipK4ZMSVQohi1sX5\nQewtcf47ENKDzMcf7MbKB8Mn1OPjpvftkBRtHY0yf2lf1LdQ9BQbzyIFqP1NPocH\nG26KV7xts0hFhoCxL+6mB4DGX9pJI6TQTtvdd1PeY6tcTDP2TONepdbafDjvC35L\nlkNPXbXeeIHDuQuJaJ/je0+y0YjN/1P7iJgTdV3Q/R+2PsNBwTxEPnXq4MsbuPxE\ndIbL9X6Kt8F6q5FfJ4UPKG+qn0jk7eZNT3kDkbueZj0ZaUHQL0KCtKCJ4x0p5VKj\nPL8qlP78UICULVIaln+yAH5K/GVkZ3TsDENRp39HSkjJQr6Yv18+3hDLyNHapd6a\nN4xcuM5qxCY/FB5+abQYwNsCAwEAAQ==\n-----END PUBLIC KEY-----\n",
            "rsa_bits": 4096
          },
          "sensitive_attributes": [],
          "private": "bnVsbA=="
        }
      ]
    }
  ]
}
